
Microsoft Visual Studio Solution File, Format Version 12.00
# Visual Studio Version 17
VisualStudioVersion = 17.3.32825.248
MinimumVisualStudioVersion = 10.0.40219.1
Project("{FAE04EC0-301F-11D3-BF4B-00C04F79EFBC}") = "Ejercicio2", "Ejercicio2\Ejercicio2.csproj", "{8CEE4FA5-9788-423C-9CC6-E66D9B46237F}"
EndProject
Global
	GlobalSection(SolutionConfigurationPlatforms) = preSolution
		Debug|Any CPU = Debug|Any CPU
		Release|Any CPU = Release|Any CPU
	EndGlobalSection
	GlobalSection(ProjectConfigurationPlatforms) = postSolution
		{8CEE4FA5-9788-423C-9CC6-E66D9B46237F}.Debug|Any CPU.ActiveCfg = Debug|Any CPU
		{8CEE4FA5-9788-423C-9CC6-E66D9B46237F}.Debug|Any CPU.Build.0 = Debug|Any CPU
		{8CEE4FA5-9788-423C-9CC6-E66D9B46237F}.Release|Any CPU.ActiveCfg = Release|Any CPU
		{8CEE4FA5-9788-423C-9CC6-E66D9B46237F}.Release|Any CPU.Build.0 = Release|Any CPU
	EndGlobalSection
	GlobalSection(SolutionProperties) = preSolution
		HideSolutionNode = FALSE
	EndGlobalSection
	GlobalSection(ExtensibilityGlobals) = postSolution
		SolutionGuid = {EC18C43C-8A82-4027-8FF9-F5EB13A07009}
	EndGlobalSection
EndGlobal
